
Microsoft Visual Studio Solution File, Format Version 12.00
# Visual Studio Version 17
VisualStudioVersion = 17.12.35707.178 d17.12
MinimumVisualStudioVersion = 10.0.40219.1
Project("{888888A0-9F3D-457C-B088-3A5042F75D52}") = "Inspired Ibexes_Assignment06", "Inspired Ibexes_Assignment06\Inspired Ibexes_Assignment06.pyproj", "{EFFD6D70-F45E-4C75-ACB6-58BC1F6D2FAE}"
EndProject
Global
	GlobalSection(SolutionConfigurationPlatforms) = preSolution
		Debug|Any CPU = Debug|Any CPU
		Release|Any CPU = Release|Any CPU
	EndGlobalSection
	GlobalSection(ProjectConfigurationPlatforms) = postSolution
		{EFFD6D70-F45E-4C75-ACB6-58BC1F6D2FAE}.Debug|Any CPU.ActiveCfg = Debug|Any CPU
		{EFFD6D70-F45E-4C75-ACB6-58BC1F6D2FAE}.Release|Any CPU.ActiveCfg = Release|Any CPU
	EndGlobalSection
	GlobalSection(SolutionProperties) = preSolution
		HideSolutionNode = FALSE
	EndGlobalSection
EndGlobal
